
Microsoft Visual Studio Solution File, Format Version 12.00
# Visual Studio 15
VisualStudioVersion = 15.0.26228.4
MinimumVisualStudioVersion = 10.0.40219.1
Project("{8BC9CEB8-8B4A-11D0-8D11-00A0C91BC942}") = "LMDBWindows", "LMDBWindows.vcxproj", "{F47EBEC8-E205-4CB4-BB98-74CD66F046EF}"
EndProject
Project("{8BC9CEB8-8B4A-11D0-8D11-00A0C91BC942}") = "ConsoleApplication", "..\ConsoleApplication\ConsoleApplication.vcxproj", "{315F7207-D40B-4B5A-B3D7-F6A381DA6AC5}"
	ProjectSection(ProjectDependencies) = postProject
		{F47EBEC8-E205-4CB4-BB98-74CD66F046EF} = {F47EBEC8-E205-4CB4-BB98-74CD66F046EF}
		{FC20EECA-88C8-4219-A3AC-283E81B39126} = {FC20EECA-88C8-4219-A3AC-283E81B39126}
	EndProjectSection
EndProject
Project("{8BC9CEB8-8B4A-11D0-8D11-00A0C91BC942}") = "LMDBWindowsDll", "..\LMDBWindowsDll\LMDBWindowsDll.vcxproj", "{FC20EECA-88C8-4219-A3AC-283E81B39126}"
EndProject
Project("{8BC9CEB8-8B4A-11D0-8D11-00A0C91BC942}") = "MyServer", "..\MyServer\MyServer.vcxproj", "{94D11B8E-26CB-4555-9BBB-3D338F62CD6C}"
	ProjectSection(ProjectDependencies) = postProject
		{60867803-BD7E-4E7D-AE3D-091B92D0A8C0} = {60867803-BD7E-4E7D-AE3D-091B92D0A8C0}
		{F47EBEC8-E205-4CB4-BB98-74CD66F046EF} = {F47EBEC8-E205-4CB4-BB98-74CD66F046EF}
		{FC20EECA-88C8-4219-A3AC-283E81B39126} = {FC20EECA-88C8-4219-A3AC-283E81B39126}
		{1E22C1F4-A43B-4B21-843A-9FAA8F537B89} = {1E22C1F4-A43B-4B21-843A-9FAA8F537B89}
	EndProjectSection
EndProject
Project("{8BC9CEB8-8B4A-11D0-8D11-00A0C91BC942}") = "MyClient", "..\MyClient\MyClient.vcxproj", "{C36073AF-CEDB-4CF6-A345-780EE5322EC7}"
	ProjectSection(ProjectDependencies) = postProject
		{F47EBEC8-E205-4CB4-BB98-74CD66F046EF} = {F47EBEC8-E205-4CB4-BB98-74CD66F046EF}
		{FC20EECA-88C8-4219-A3AC-283E81B39126} = {FC20EECA-88C8-4219-A3AC-283E81B39126}
	EndProjectSection
EndProject
Project("{8BC9CEB8-8B4A-11D0-8D11-00A0C91BC942}") = "ConsoleApplication1", "..\ConsoleApplication1\ConsoleApplication1.vcxproj", "{430B0AB0-DAC5-4E70-9C8B-DA4638060C86}"
EndProject
Project("{8BC9CEB8-8B4A-11D0-8D11-00A0C91BC942}") = "Admin", "..\Admin\Admin.vcxproj", "{C41069BD-42BF-494F-892E-768DE3194FF2}"
EndProject
Project("{8BC9CEB8-8B4A-11D0-8D11-00A0C91BC942}") = "HttpLMDB", "..\HttpLMDB\HttpLMDB.vcxproj", "{1B1859B6-B58F-4486-804A-7E5AD8EB6148}"
EndProject
Project("{8BC9CEB8-8B4A-11D0-8D11-00A0C91BC942}") = "HttpLMDB_Client", "..\HttpLMDB_Client\HttpLMDB_Client.vcxproj", "{837802C4-1D3C-4011-84A7-E46D71804718}"
	ProjectSection(ProjectDependencies) = postProject
		{1B1859B6-B58F-4486-804A-7E5AD8EB6148} = {1B1859B6-B58F-4486-804A-7E5AD8EB6148}
	EndProjectSection
EndProject
Project("{8BC9CEB8-8B4A-11D0-8D11-00A0C91BC942}") = "LMDBWrapper", "..\LMDBWrapper\LMDBWrapper.vcxproj", "{60867803-BD7E-4E7D-AE3D-091B92D0A8C0}"
	ProjectSection(ProjectDependencies) = postProject
		{FC20EECA-88C8-4219-A3AC-283E81B39126} = {FC20EECA-88C8-4219-A3AC-283E81B39126}
		{1E22C1F4-A43B-4B21-843A-9FAA8F537B89} = {1E22C1F4-A43B-4B21-843A-9FAA8F537B89}
	EndProjectSection
EndProject
Project("{8BC9CEB8-8B4A-11D0-8D11-00A0C91BC942}") = "LMDBWrapper_Client", "..\LMDBWrapper_Client\LMDBWrapper_Client.vcxproj", "{FAA7D990-4F2C-4CD1-B241-C68F9F0CE323}"
	ProjectSection(ProjectDependencies) = postProject
		{60867803-BD7E-4E7D-AE3D-091B92D0A8C0} = {60867803-BD7E-4E7D-AE3D-091B92D0A8C0}
	EndProjectSection
EndProject
Project("{8BC9CEB8-8B4A-11D0-8D11-00A0C91BC942}") = "MySharedStuff", "..\MySharedStuff\MySharedStuff.vcxproj", "{1E22C1F4-A43B-4B21-843A-9FAA8F537B89}"
EndProject
Project("{FAE04EC0-301F-11D3-BF4B-00C04F79EFBC}") = "LMDBNet", "..\LMDBNet\LMDBNet.csproj", "{AD93778D-DFEF-487C-A077-278A1869DB5B}"
EndProject
Project("{FAE04EC0-301F-11D3-BF4B-00C04F79EFBC}") = "LMDBNet_Client", "..\LMDBNet_Client\LMDBNet_Client.csproj", "{30080455-5A53-46D2-A1BD-C9EC3A0E860F}"
EndProject
Project("{FAE04EC0-301F-11D3-BF4B-00C04F79EFBC}") = "LMDBNet_ClientFiles", "..\LMDBNet_ClientFiles\LMDBNet_ClientFiles.csproj", "{1867BB6D-66C6-4D07-AAC4-0F51CE310C62}"
EndProject
Project("{FAE04EC0-301F-11D3-BF4B-00C04F79EFBC}") = "LMDB_Wcf", "..\LMDB_Wcf\LMDB_Wcf.csproj", "{4F4B8D79-6B34-45C3-834E-778275BDE9D1}"
EndProject
Project("{FAE04EC0-301F-11D3-BF4B-00C04F79EFBC}") = "LMDBWcf_Client", "..\LMDBWcf_Client\LMDBWcf_Client.csproj", "{8ABEB228-A30E-4D2E-A1F6-9A2EB38E9B49}"
	ProjectSection(ProjectDependencies) = postProject
		{4F4B8D79-6B34-45C3-834E-778275BDE9D1} = {4F4B8D79-6B34-45C3-834E-778275BDE9D1}
	EndProjectSection
EndProject
Project("{8BC9CEB8-8B4A-11D0-8D11-00A0C91BC942}") = "LMDBService", "..\LMDBService\LMDBService.vcxproj", "{EAFC0032-5D8E-4080-807B-1CC22EA8ADB6}"
EndProject
Project("{8BC9CEB8-8B4A-11D0-8D11-00A0C91BC942}") = "LMDB_ClientFiles", "..\LMDB_ClientFiles\LMDB_ClientFiles.vcxproj", "{41A07707-A591-4F55-BEC2-24021C2EB9AC}"
EndProject
Project("{FAE04EC0-301F-11D3-BF4B-00C04F79EFBC}") = "LMDBService_ConsoleApp", "..\LMDBService_ConsoleApp\LMDBService_ConsoleApp.csproj", "{C5989683-B320-420E-B43F-2BCF2C851C4B}"
EndProject
Global
	GlobalSection(SolutionConfigurationPlatforms) = preSolution
		Debug|Any CPU = Debug|Any CPU
		Debug|x64 = Debug|x64
		Debug|x86 = Debug|x86
		Release|Any CPU = Release|Any CPU
		Release|x64 = Release|x64
		Release|x86 = Release|x86
	EndGlobalSection
	GlobalSection(ProjectConfigurationPlatforms) = postSolution
		{F47EBEC8-E205-4CB4-BB98-74CD66F046EF}.Debug|Any CPU.ActiveCfg = Debug|Win32
		{F47EBEC8-E205-4CB4-BB98-74CD66F046EF}.Debug|x64.ActiveCfg = Debug|x64
		{F47EBEC8-E205-4CB4-BB98-74CD66F046EF}.Debug|x64.Build.0 = Debug|x64
		{F47EBEC8-E205-4CB4-BB98-74CD66F046EF}.Debug|x86.ActiveCfg = Debug|Win32
		{F47EBEC8-E205-4CB4-BB98-74CD66F046EF}.Debug|x86.Build.0 = Debug|Win32
		{F47EBEC8-E205-4CB4-BB98-74CD66F046EF}.Release|Any CPU.ActiveCfg = Release|Win32
		{F47EBEC8-E205-4CB4-BB98-74CD66F046EF}.Release|x64.ActiveCfg = Release|x64
		{F47EBEC8-E205-4CB4-BB98-74CD66F046EF}.Release|x64.Build.0 = Release|x64
		{F47EBEC8-E205-4CB4-BB98-74CD66F046EF}.Release|x86.ActiveCfg = Release|Win32
		{F47EBEC8-E205-4CB4-BB98-74CD66F046EF}.Release|x86.Build.0 = Release|Win32
		{315F7207-D40B-4B5A-B3D7-F6A381DA6AC5}.Debug|Any CPU.ActiveCfg = Debug|Win32
		{315F7207-D40B-4B5A-B3D7-F6A381DA6AC5}.Debug|x64.ActiveCfg = Debug|x64
		{315F7207-D40B-4B5A-B3D7-F6A381DA6AC5}.Debug|x64.Build.0 = Debug|x64
		{315F7207-D40B-4B5A-B3D7-F6A381DA6AC5}.Debug|x86.ActiveCfg = Debug|Win32
		{315F7207-D40B-4B5A-B3D7-F6A381DA6AC5}.Debug|x86.Build.0 = Debug|Win32
		{315F7207-D40B-4B5A-B3D7-F6A381DA6AC5}.Release|Any CPU.ActiveCfg = Release|Win32
		{315F7207-D40B-4B5A-B3D7-F6A381DA6AC5}.Release|x64.ActiveCfg = Release|x64
		{315F7207-D40B-4B5A-B3D7-F6A381DA6AC5}.Release|x64.Build.0 = Release|x64
		{315F7207-D40B-4B5A-B3D7-F6A381DA6AC5}.Release|x86.ActiveCfg = Release|Win32
		{315F7207-D40B-4B5A-B3D7-F6A381DA6AC5}.Release|x86.Build.0 = Release|Win32
		{FC20EECA-88C8-4219-A3AC-283E81B39126}.Debug|Any CPU.ActiveCfg = Debug|Win32
		{FC20EECA-88C8-4219-A3AC-283E81B39126}.Debug|x64.ActiveCfg = Debug|x64
		{FC20EECA-88C8-4219-A3AC-283E81B39126}.Debug|x64.Build.0 = Debug|x64
		{FC20EECA-88C8-4219-A3AC-283E81B39126}.Debug|x86.ActiveCfg = Debug|Win32
		{FC20EECA-88C8-4219-A3AC-283E81B39126}.Debug|x86.Build.0 = Debug|Win32
		{FC20EECA-88C8-4219-A3AC-283E81B39126}.Release|Any CPU.ActiveCfg = Release|Win32
		{FC20EECA-88C8-4219-A3AC-283E81B39126}.Release|x64.ActiveCfg = Release|x64
		{FC20EECA-88C8-4219-A3AC-283E81B39126}.Release|x64.Build.0 = Release|x64
		{FC20EECA-88C8-4219-A3AC-283E81B39126}.Release|x86.ActiveCfg = Release|Win32
		{FC20EECA-88C8-4219-A3AC-283E81B39126}.Release|x86.Build.0 = Release|Win32
		{94D11B8E-26CB-4555-9BBB-3D338F62CD6C}.Debug|Any CPU.ActiveCfg = Debug|Win32
		{94D11B8E-26CB-4555-9BBB-3D338F62CD6C}.Debug|x64.ActiveCfg = Debug|x64
		{94D11B8E-26CB-4555-9BBB-3D338F62CD6C}.Debug|x64.Build.0 = Debug|x64
		{94D11B8E-26CB-4555-9BBB-3D338F62CD6C}.Debug|x86.ActiveCfg = Debug|Win32
		{94D11B8E-26CB-4555-9BBB-3D338F62CD6C}.Debug|x86.Build.0 = Debug|Win32
		{94D11B8E-26CB-4555-9BBB-3D338F62CD6C}.Release|Any CPU.ActiveCfg = Release|Win32
		{94D11B8E-26CB-4555-9BBB-3D338F62CD6C}.Release|x64.ActiveCfg = Release|x64
		{94D11B8E-26CB-4555-9BBB-3D338F62CD6C}.Release|x64.Build.0 = Release|x64
		{94D11B8E-26CB-4555-9BBB-3D338F62CD6C}.Release|x86.ActiveCfg = Release|Win32
		{94D11B8E-26CB-4555-9BBB-3D338F62CD6C}.Release|x86.Build.0 = Release|Win32
		{C36073AF-CEDB-4CF6-A345-780EE5322EC7}.Debug|Any CPU.ActiveCfg = Debug|Win32
		{C36073AF-CEDB-4CF6-A345-780EE5322EC7}.Debug|x64.ActiveCfg = Debug|x64
		{C36073AF-CEDB-4CF6-A345-780EE5322EC7}.Debug|x64.Build.0 = Debug|x64
		{C36073AF-CEDB-4CF6-A345-780EE5322EC7}.Debug|x86.ActiveCfg = Debug|Win32
		{C36073AF-CEDB-4CF6-A345-780EE5322EC7}.Debug|x86.Build.0 = Debug|Win32
		{C36073AF-CEDB-4CF6-A345-780EE5322EC7}.Release|Any CPU.ActiveCfg = Release|Win32
		{C36073AF-CEDB-4CF6-A345-780EE5322EC7}.Release|x64.ActiveCfg = Release|x64
		{C36073AF-CEDB-4CF6-A345-780EE5322EC7}.Release|x64.Build.0 = Release|x64
		{C36073AF-CEDB-4CF6-A345-780EE5322EC7}.Release|x86.ActiveCfg = Release|Win32
		{C36073AF-CEDB-4CF6-A345-780EE5322EC7}.Release|x86.Build.0 = Release|Win32
		{430B0AB0-DAC5-4E70-9C8B-DA4638060C86}.Debug|Any CPU.ActiveCfg = Debug|Win32
		{430B0AB0-DAC5-4E70-9C8B-DA4638060C86}.Debug|x64.ActiveCfg = Debug|x64
		{430B0AB0-DAC5-4E70-9C8B-DA4638060C86}.Debug|x64.Build.0 = Debug|x64
		{430B0AB0-DAC5-4E70-9C8B-DA4638060C86}.Debug|x86.ActiveCfg = Debug|Win32
		{430B0AB0-DAC5-4E70-9C8B-DA4638060C86}.Debug|x86.Build.0 = Debug|Win32
		{430B0AB0-DAC5-4E70-9C8B-DA4638060C86}.Release|Any CPU.ActiveCfg = Release|Win32
		{430B0AB0-DAC5-4E70-9C8B-DA4638060C86}.Release|x64.ActiveCfg = Release|x64
		{430B0AB0-DAC5-4E70-9C8B-DA4638060C86}.Release|x64.Build.0 = Release|x64
		{430B0AB0-DAC5-4E70-9C8B-DA4638060C86}.Release|x86.ActiveCfg = Release|Win32
		{430B0AB0-DAC5-4E70-9C8B-DA4638060C86}.Release|x86.Build.0 = Release|Win32
		{C41069BD-42BF-494F-892E-768DE3194FF2}.Debug|Any CPU.ActiveCfg = Debug|Win32
		{C41069BD-42BF-494F-892E-768DE3194FF2}.Debug|x64.ActiveCfg = Debug|x64
		{C41069BD-42BF-494F-892E-768DE3194FF2}.Debug|x64.Build.0 = Debug|x64
		{C41069BD-42BF-494F-892E-768DE3194FF2}.Debug|x86.ActiveCfg = Debug|Win32
		{C41069BD-42BF-494F-892E-768DE3194FF2}.Debug|x86.Build.0 = Debug|Win32
		{C41069BD-42BF-494F-892E-768DE3194FF2}.Release|Any CPU.ActiveCfg = Release|Win32
		{C41069BD-42BF-494F-892E-768DE3194FF2}.Release|x64.ActiveCfg = Release|x64
		{C41069BD-42BF-494F-892E-768DE3194FF2}.Release|x64.Build.0 = Release|x64
		{C41069BD-42BF-494F-892E-768DE3194FF2}.Release|x86.ActiveCfg = Release|Win32
		{C41069BD-42BF-494F-892E-768DE3194FF2}.Release|x86.Build.0 = Release|Win32
		{1B1859B6-B58F-4486-804A-7E5AD8EB6148}.Debug|Any CPU.ActiveCfg = Debug|Win32
		{1B1859B6-B58F-4486-804A-7E5AD8EB6148}.Debug|x64.ActiveCfg = Debug|x64
		{1B1859B6-B58F-4486-804A-7E5AD8EB6148}.Debug|x64.Build.0 = Debug|x64
		{1B1859B6-B58F-4486-804A-7E5AD8EB6148}.Debug|x86.ActiveCfg = Debug|Win32
		{1B1859B6-B58F-4486-804A-7E5AD8EB6148}.Debug|x86.Build.0 = Debug|Win32
		{1B1859B6-B58F-4486-804A-7E5AD8EB6148}.Release|Any CPU.ActiveCfg = Release|Win32
		{1B1859B6-B58F-4486-804A-7E5AD8EB6148}.Release|x64.ActiveCfg = Release|x64
		{1B1859B6-B58F-4486-804A-7E5AD8EB6148}.Release|x64.Build.0 = Release|x64
		{1B1859B6-B58F-4486-804A-7E5AD8EB6148}.Release|x86.ActiveCfg = Release|Win32
		{1B1859B6-B58F-4486-804A-7E5AD8EB6148}.Release|x86.Build.0 = Release|Win32
		{837802C4-1D3C-4011-84A7-E46D71804718}.Debug|Any CPU.ActiveCfg = Debug|Win32
		{837802C4-1D3C-4011-84A7-E46D71804718}.Debug|x64.ActiveCfg = Debug|x64
		{837802C4-1D3C-4011-84A7-E46D71804718}.Debug|x64.Build.0 = Debug|x64
		{837802C4-1D3C-4011-84A7-E46D71804718}.Debug|x86.ActiveCfg = Debug|Win32
		{837802C4-1D3C-4011-84A7-E46D71804718}.Debug|x86.Build.0 = Debug|Win32
		{837802C4-1D3C-4011-84A7-E46D71804718}.Release|Any CPU.ActiveCfg = Release|Win32
		{837802C4-1D3C-4011-84A7-E46D71804718}.Release|x64.ActiveCfg = Release|x64
		{837802C4-1D3C-4011-84A7-E46D71804718}.Release|x64.Build.0 = Release|x64
		{837802C4-1D3C-4011-84A7-E46D71804718}.Release|x86.ActiveCfg = Release|Win32
		{837802C4-1D3C-4011-84A7-E46D71804718}.Release|x86.Build.0 = Release|Win32
		{60867803-BD7E-4E7D-AE3D-091B92D0A8C0}.Debug|Any CPU.ActiveCfg = Debug|Win32
		{60867803-BD7E-4E7D-AE3D-091B92D0A8C0}.Debug|x64.ActiveCfg = Debug|x64
		{60867803-BD7E-4E7D-AE3D-091B92D0A8C0}.Debug|x64.Build.0 = Debug|x64
		{60867803-BD7E-4E7D-AE3D-091B92D0A8C0}.Debug|x86.ActiveCfg = Debug|Win32
		{60867803-BD7E-4E7D-AE3D-091B92D0A8C0}.Debug|x86.Build.0 = Debug|Win32
		{60867803-BD7E-4E7D-AE3D-091B92D0A8C0}.Release|Any CPU.ActiveCfg = Release|Win32
		{60867803-BD7E-4E7D-AE3D-091B92D0A8C0}.Release|x64.ActiveCfg = Release|x64
		{60867803-BD7E-4E7D-AE3D-091B92D0A8C0}.Release|x64.Build.0 = Release|x64
		{60867803-BD7E-4E7D-AE3D-091B92D0A8C0}.Release|x86.ActiveCfg = Release|Win32
		{60867803-BD7E-4E7D-AE3D-091B92D0A8C0}.Release|x86.Build.0 = Release|Win32
		{FAA7D990-4F2C-4CD1-B241-C68F9F0CE323}.Debug|Any CPU.ActiveCfg = Debug|Win32
		{FAA7D990-4F2C-4CD1-B241-C68F9F0CE323}.Debug|x64.ActiveCfg = Debug|x64
		{FAA7D990-4F2C-4CD1-B241-C68F9F0CE323}.Debug|x64.Build.0 = Debug|x64
		{FAA7D990-4F2C-4CD1-B241-C68F9F0CE323}.Debug|x86.ActiveCfg = Debug|Win32
		{FAA7D990-4F2C-4CD1-B241-C68F9F0CE323}.Debug|x86.Build.0 = Debug|Win32
		{FAA7D990-4F2C-4CD1-B241-C68F9F0CE323}.Release|Any CPU.ActiveCfg = Release|Win32
		{FAA7D990-4F2C-4CD1-B241-C68F9F0CE323}.Release|x64.ActiveCfg = Release|x64
		{FAA7D990-4F2C-4CD1-B241-C68F9F0CE323}.Release|x64.Build.0 = Release|x64
		{FAA7D990-4F2C-4CD1-B241-C68F9F0CE323}.Release|x86.ActiveCfg = Release|Win32
		{FAA7D990-4F2C-4CD1-B241-C68F9F0CE323}.Release|x86.Build.0 = Release|Win32
		{1E22C1F4-A43B-4B21-843A-9FAA8F537B89}.Debug|Any CPU.ActiveCfg = Debug|Win32
		{1E22C1F4-A43B-4B21-843A-9FAA8F537B89}.Debug|x64.ActiveCfg = Debug|x64
		{1E22C1F4-A43B-4B21-843A-9FAA8F537B89}.Debug|x64.Build.0 = Debug|x64
		{1E22C1F4-A43B-4B21-843A-9FAA8F537B89}.Debug|x86.ActiveCfg = Debug|Win32
		{1E22C1F4-A43B-4B21-843A-9FAA8F537B89}.Debug|x86.Build.0 = Debug|Win32
		{1E22C1F4-A43B-4B21-843A-9FAA8F537B89}.Release|Any CPU.ActiveCfg = Release|Win32
		{1E22C1F4-A43B-4B21-843A-9FAA8F537B89}.Release|x64.ActiveCfg = Release|x64
		{1E22C1F4-A43B-4B21-843A-9FAA8F537B89}.Release|x64.Build.0 = Release|x64
		{1E22C1F4-A43B-4B21-843A-9FAA8F537B89}.Release|x86.ActiveCfg = Release|Win32
		{1E22C1F4-A43B-4B21-843A-9FAA8F537B89}.Release|x86.Build.0 = Release|Win32
		{AD93778D-DFEF-487C-A077-278A1869DB5B}.Debug|Any CPU.ActiveCfg = Debug|Any CPU
		{AD93778D-DFEF-487C-A077-278A1869DB5B}.Debug|Any CPU.Build.0 = Debug|Any CPU
		{AD93778D-DFEF-487C-A077-278A1869DB5B}.Debug|x64.ActiveCfg = Debug|Any CPU
		{AD93778D-DFEF-487C-A077-278A1869DB5B}.Debug|x64.Build.0 = Debug|Any CPU
		{AD93778D-DFEF-487C-A077-278A1869DB5B}.Debug|x86.ActiveCfg = Debug|Any CPU
		{AD93778D-DFEF-487C-A077-278A1869DB5B}.Debug|x86.Build.0 = Debug|Any CPU
		{AD93778D-DFEF-487C-A077-278A1869DB5B}.Release|Any CPU.ActiveCfg = Release|Any CPU
		{AD93778D-DFEF-487C-A077-278A1869DB5B}.Release|Any CPU.Build.0 = Release|Any CPU
		{AD93778D-DFEF-487C-A077-278A1869DB5B}.Release|x64.ActiveCfg = Release|Any CPU
		{AD93778D-DFEF-487C-A077-278A1869DB5B}.Release|x64.Build.0 = Release|Any CPU
		{AD93778D-DFEF-487C-A077-278A1869DB5B}.Release|x86.ActiveCfg = Release|Any CPU
		{AD93778D-DFEF-487C-A077-278A1869DB5B}.Release|x86.Build.0 = Release|Any CPU
		{30080455-5A53-46D2-A1BD-C9EC3A0E860F}.Debug|Any CPU.ActiveCfg = Debug|Any CPU
		{30080455-5A53-46D2-A1BD-C9EC3A0E860F}.Debug|Any CPU.Build.0 = Debug|Any CPU
		{30080455-5A53-46D2-A1BD-C9EC3A0E860F}.Debug|x64.ActiveCfg = Debug|Any CPU
		{30080455-5A53-46D2-A1BD-C9EC3A0E860F}.Debug|x64.Build.0 = Debug|Any CPU
		{30080455-5A53-46D2-A1BD-C9EC3A0E860F}.Debug|x86.ActiveCfg = Debug|Any CPU
		{30080455-5A53-46D2-A1BD-C9EC3A0E860F}.Debug|x86.Build.0 = Debug|Any CPU
		{30080455-5A53-46D2-A1BD-C9EC3A0E860F}.Release|Any CPU.ActiveCfg = Release|Any CPU
		{30080455-5A53-46D2-A1BD-C9EC3A0E860F}.Release|Any CPU.Build.0 = Release|Any CPU
		{30080455-5A53-46D2-A1BD-C9EC3A0E860F}.Release|x64.ActiveCfg = Release|Any CPU
		{30080455-5A53-46D2-A1BD-C9EC3A0E860F}.Release|x64.Build.0 = Release|Any CPU
		{30080455-5A53-46D2-A1BD-C9EC3A0E860F}.Release|x86.ActiveCfg = Release|Any CPU
		{30080455-5A53-46D2-A1BD-C9EC3A0E860F}.Release|x86.Build.0 = Release|Any CPU
		{1867BB6D-66C6-4D07-AAC4-0F51CE310C62}.Debug|Any CPU.ActiveCfg = Debug|Any CPU
		{1867BB6D-66C6-4D07-AAC4-0F51CE310C62}.Debug|Any CPU.Build.0 = Debug|Any CPU
		{1867BB6D-66C6-4D07-AAC4-0F51CE310C62}.Debug|x64.ActiveCfg = Debug|Any CPU
		{1867BB6D-66C6-4D07-AAC4-0F51CE310C62}.Debug|x64.Build.0 = Debug|Any CPU
		{1867BB6D-66C6-4D07-AAC4-0F51CE310C62}.Debug|x86.ActiveCfg = Debug|Any CPU
		{1867BB6D-66C6-4D07-AAC4-0F51CE310C62}.Debug|x86.Build.0 = Debug|Any CPU
		{1867BB6D-66C6-4D07-AAC4-0F51CE310C62}.Release|Any CPU.ActiveCfg = Release|Any CPU
		{1867BB6D-66C6-4D07-AAC4-0F51CE310C62}.Release|Any CPU.Build.0 = Release|Any CPU
		{1867BB6D-66C6-4D07-AAC4-0F51CE310C62}.Release|x64.ActiveCfg = Release|Any CPU
		{1867BB6D-66C6-4D07-AAC4-0F51CE310C62}.Release|x64.Build.0 = Release|Any CPU
		{1867BB6D-66C6-4D07-AAC4-0F51CE310C62}.Release|x86.ActiveCfg = Release|Any CPU
		{1867BB6D-66C6-4D07-AAC4-0F51CE310C62}.Release|x86.Build.0 = Release|Any CPU
		{4F4B8D79-6B34-45C3-834E-778275BDE9D1}.Debug|Any CPU.ActiveCfg = Debug|Any CPU
		{4F4B8D79-6B34-45C3-834E-778275BDE9D1}.Debug|Any CPU.Build.0 = Debug|Any CPU
		{4F4B8D79-6B34-45C3-834E-778275BDE9D1}.Debug|x64.ActiveCfg = Debug|Any CPU
		{4F4B8D79-6B34-45C3-834E-778275BDE9D1}.Debug|x64.Build.0 = Debug|Any CPU
		{4F4B8D79-6B34-45C3-834E-778275BDE9D1}.Debug|x86.ActiveCfg = Debug|Any CPU
		{4F4B8D79-6B34-45C3-834E-778275BDE9D1}.Debug|x86.Build.0 = Debug|Any CPU
		{4F4B8D79-6B34-45C3-834E-778275BDE9D1}.Release|Any CPU.ActiveCfg = Release|Any CPU
		{4F4B8D79-6B34-45C3-834E-778275BDE9D1}.Release|Any CPU.Build.0 = Release|Any CPU
		{4F4B8D79-6B34-45C3-834E-778275BDE9D1}.Release|x64.ActiveCfg = Release|Any CPU
		{4F4B8D79-6B34-45C3-834E-778275BDE9D1}.Release|x64.Build.0 = Release|Any CPU
		{4F4B8D79-6B34-45C3-834E-778275BDE9D1}.Release|x86.ActiveCfg = Release|Any CPU
		{4F4B8D79-6B34-45C3-834E-778275BDE9D1}.Release|x86.Build.0 = Release|Any CPU
		{8ABEB228-A30E-4D2E-A1F6-9A2EB38E9B49}.Debug|Any CPU.ActiveCfg = Debug|Any CPU
		{8ABEB228-A30E-4D2E-A1F6-9A2EB38E9B49}.Debug|Any CPU.Build.0 = Debug|Any CPU
		{8ABEB228-A30E-4D2E-A1F6-9A2EB38E9B49}.Debug|x64.ActiveCfg = Debug|Any CPU
		{8ABEB228-A30E-4D2E-A1F6-9A2EB38E9B49}.Debug|x64.Build.0 = Debug|Any CPU
		{8ABEB228-A30E-4D2E-A1F6-9A2EB38E9B49}.Debug|x86.ActiveCfg = Debug|Any CPU
		{8ABEB228-A30E-4D2E-A1F6-9A2EB38E9B49}.Debug|x86.Build.0 = Debug|Any CPU
		{8ABEB228-A30E-4D2E-A1F6-9A2EB38E9B49}.Release|Any CPU.ActiveCfg = Release|Any CPU
		{8ABEB228-A30E-4D2E-A1F6-9A2EB38E9B49}.Release|Any CPU.Build.0 = Release|Any CPU
		{8ABEB228-A30E-4D2E-A1F6-9A2EB38E9B49}.Release|x64.ActiveCfg = Release|Any CPU
		{8ABEB228-A30E-4D2E-A1F6-9A2EB38E9B49}.Release|x64.Build.0 = Release|Any CPU
		{8ABEB228-A30E-4D2E-A1F6-9A2EB38E9B49}.Release|x86.ActiveCfg = Release|Any CPU
		{8ABEB228-A30E-4D2E-A1F6-9A2EB38E9B49}.Release|x86.Build.0 = Release|Any CPU
		{EAFC0032-5D8E-4080-807B-1CC22EA8ADB6}.Debug|Any CPU.ActiveCfg = Debug|Win32
		{EAFC0032-5D8E-4080-807B-1CC22EA8ADB6}.Debug|x64.ActiveCfg = Debug|x64
		{EAFC0032-5D8E-4080-807B-1CC22EA8ADB6}.Debug|x64.Build.0 = Debug|x64
		{EAFC0032-5D8E-4080-807B-1CC22EA8ADB6}.Debug|x86.ActiveCfg = Debug|Win32
		{EAFC0032-5D8E-4080-807B-1CC22EA8ADB6}.Debug|x86.Build.0 = Debug|Win32
		{EAFC0032-5D8E-4080-807B-1CC22EA8ADB6}.Release|Any CPU.ActiveCfg = Release|Win32
		{EAFC0032-5D8E-4080-807B-1CC22EA8ADB6}.Release|x64.ActiveCfg = Release|x64
		{EAFC0032-5D8E-4080-807B-1CC22EA8ADB6}.Release|x64.Build.0 = Release|x64
		{EAFC0032-5D8E-4080-807B-1CC22EA8ADB6}.Release|x86.ActiveCfg = Release|Win32
		{EAFC0032-5D8E-4080-807B-1CC22EA8ADB6}.Release|x86.Build.0 = Release|Win32
		{41A07707-A591-4F55-BEC2-24021C2EB9AC}.Debug|Any CPU.ActiveCfg = Debug|Win32
		{41A07707-A591-4F55-BEC2-24021C2EB9AC}.Debug|x64.ActiveCfg = Debug|x64
		{41A07707-A591-4F55-BEC2-24021C2EB9AC}.Debug|x64.Build.0 = Debug|x64
		{41A07707-A591-4F55-BEC2-24021C2EB9AC}.Debug|x86.ActiveCfg = Debug|Win32
		{41A07707-A591-4F55-BEC2-24021C2EB9AC}.Debug|x86.Build.0 = Debug|Win32
		{41A07707-A591-4F55-BEC2-24021C2EB9AC}.Release|Any CPU.ActiveCfg = Release|Win32
		{41A07707-A591-4F55-BEC2-24021C2EB9AC}.Release|x64.ActiveCfg = Release|x64
		{41A07707-A591-4F55-BEC2-24021C2EB9AC}.Release|x64.Build.0 = Release|x64
		{41A07707-A591-4F55-BEC2-24021C2EB9AC}.Release|x86.ActiveCfg = Release|Win32
		{41A07707-A591-4F55-BEC2-24021C2EB9AC}.Release|x86.Build.0 = Release|Win32
		{C5989683-B320-420E-B43F-2BCF2C851C4B}.Debug|Any CPU.ActiveCfg = Debug|Any CPU
		{C5989683-B320-420E-B43F-2BCF2C851C4B}.Debug|Any CPU.Build.0 = Debug|Any CPU
		{C5989683-B320-420E-B43F-2BCF2C851C4B}.Debug|x64.ActiveCfg = Debug|Any CPU
		{C5989683-B320-420E-B43F-2BCF2C851C4B}.Debug|x64.Build.0 = Debug|Any CPU
		{C5989683-B320-420E-B43F-2BCF2C851C4B}.Debug|x86.ActiveCfg = Debug|Any CPU
		{C5989683-B320-420E-B43F-2BCF2C851C4B}.Debug|x86.Build.0 = Debug|Any CPU
		{C5989683-B320-420E-B43F-2BCF2C851C4B}.Release|Any CPU.ActiveCfg = Release|Any CPU
		{C5989683-B320-420E-B43F-2BCF2C851C4B}.Release|Any CPU.Build.0 = Release|Any CPU
		{C5989683-B320-420E-B43F-2BCF2C851C4B}.Release|x64.ActiveCfg = Release|Any CPU
		{C5989683-B320-420E-B43F-2BCF2C851C4B}.Release|x64.Build.0 = Release|Any CPU
		{C5989683-B320-420E-B43F-2BCF2C851C4B}.Release|x86.ActiveCfg = Release|Any CPU
		{C5989683-B320-420E-B43F-2BCF2C851C4B}.Release|x86.Build.0 = Release|Any CPU
	EndGlobalSection
	GlobalSection(SolutionProperties) = preSolution
		HideSolutionNode = FALSE
	EndGlobalSection
	GlobalSection(ExtensibilityGlobals) = postSolution
		SolutionGuid = {7673C0F2-27D7-40A6-968E-949B88C33B36}
	EndGlobalSection
EndGlobal
