
Microsoft Visual Studio Solution File, Format Version 12.00
# Visual Studio 15
VisualStudioVersion = 15.0.26228.4
MinimumVisualStudioVersion = 10.0.40219.1
Project("{8BC9CEB8-8B4A-11D0-8D11-00A0C91BC942}") = "LMDBWindows", "LMDBWindows.vcxproj", "{F47EBEC8-E205-4CB4-BB98-74CD66F046EF}"
EndProject
Project("{8BC9CEB8-8B4A-11D0-8D11-00A0C91BC942}") = "ConsoleApplication", "..\ConsoleApplication\ConsoleApplication.vcxproj", "{315F7207-D40B-4B5A-B3D7-F6A381DA6AC5}"
EndProject
Project("{8BC9CEB8-8B4A-11D0-8D11-00A0C91BC942}") = "LMDBWindowsDll", "..\LMDBWindowsDll\LMDBWindowsDll.vcxproj", "{FC20EECA-88C8-4219-A3AC-283E81B39126}"
EndProject
Project("{8BC9CEB8-8B4A-11D0-8D11-00A0C91BC942}") = "MyServer", "..\MyServer\MyServer.vcxproj", "{94D11B8E-26CB-4555-9BBB-3D338F62CD6C}"
EndProject
Project("{8BC9CEB8-8B4A-11D0-8D11-00A0C91BC942}") = "MyClient", "..\MyClient\MyClient.vcxproj", "{C36073AF-CEDB-4CF6-A345-780EE5322EC7}"
EndProject
Global
	GlobalSection(SolutionConfigurationPlatforms) = preSolution
		Debug|x64 = Debug|x64
		Debug|x86 = Debug|x86
		Release|x64 = Release|x64
		Release|x86 = Release|x86
	EndGlobalSection
	GlobalSection(ProjectConfigurationPlatforms) = postSolution
		{F47EBEC8-E205-4CB4-BB98-74CD66F046EF}.Debug|x64.ActiveCfg = Debug|x64
		{F47EBEC8-E205-4CB4-BB98-74CD66F046EF}.Debug|x64.Build.0 = Debug|x64
		{F47EBEC8-E205-4CB4-BB98-74CD66F046EF}.Debug|x86.ActiveCfg = Debug|Win32
		{F47EBEC8-E205-4CB4-BB98-74CD66F046EF}.Debug|x86.Build.0 = Debug|Win32
		{F47EBEC8-E205-4CB4-BB98-74CD66F046EF}.Release|x64.ActiveCfg = Release|x64
		{F47EBEC8-E205-4CB4-BB98-74CD66F046EF}.Release|x64.Build.0 = Release|x64
		{F47EBEC8-E205-4CB4-BB98-74CD66F046EF}.Release|x86.ActiveCfg = Release|Win32
		{F47EBEC8-E205-4CB4-BB98-74CD66F046EF}.Release|x86.Build.0 = Release|Win32
		{315F7207-D40B-4B5A-B3D7-F6A381DA6AC5}.Debug|x64.ActiveCfg = Debug|x64
		{315F7207-D40B-4B5A-B3D7-F6A381DA6AC5}.Debug|x64.Build.0 = Debug|x64
		{315F7207-D40B-4B5A-B3D7-F6A381DA6AC5}.Debug|x86.ActiveCfg = Debug|Win32
		{315F7207-D40B-4B5A-B3D7-F6A381DA6AC5}.Debug|x86.Build.0 = Debug|Win32
		{315F7207-D40B-4B5A-B3D7-F6A381DA6AC5}.Release|x64.ActiveCfg = Release|x64
		{315F7207-D40B-4B5A-B3D7-F6A381DA6AC5}.Release|x64.Build.0 = Release|x64
		{315F7207-D40B-4B5A-B3D7-F6A381DA6AC5}.Release|x86.ActiveCfg = Release|Win32
		{315F7207-D40B-4B5A-B3D7-F6A381DA6AC5}.Release|x86.Build.0 = Release|Win32
		{FC20EECA-88C8-4219-A3AC-283E81B39126}.Debug|x64.ActiveCfg = Debug|x64
		{FC20EECA-88C8-4219-A3AC-283E81B39126}.Debug|x64.Build.0 = Debug|x64
		{FC20EECA-88C8-4219-A3AC-283E81B39126}.Debug|x86.ActiveCfg = Debug|Win32
		{FC20EECA-88C8-4219-A3AC-283E81B39126}.Debug|x86.Build.0 = Debug|Win32
		{FC20EECA-88C8-4219-A3AC-283E81B39126}.Release|x64.ActiveCfg = Release|x64
		{FC20EECA-88C8-4219-A3AC-283E81B39126}.Release|x64.Build.0 = Release|x64
		{FC20EECA-88C8-4219-A3AC-283E81B39126}.Release|x86.ActiveCfg = Release|Win32
		{FC20EECA-88C8-4219-A3AC-283E81B39126}.Release|x86.Build.0 = Release|Win32
		{94D11B8E-26CB-4555-9BBB-3D338F62CD6C}.Debug|x64.ActiveCfg = Debug|x64
		{94D11B8E-26CB-4555-9BBB-3D338F62CD6C}.Debug|x64.Build.0 = Debug|x64
		{94D11B8E-26CB-4555-9BBB-3D338F62CD6C}.Debug|x86.ActiveCfg = Debug|Win32
		{94D11B8E-26CB-4555-9BBB-3D338F62CD6C}.Debug|x86.Build.0 = Debug|Win32
		{94D11B8E-26CB-4555-9BBB-3D338F62CD6C}.Release|x64.ActiveCfg = Release|x64
		{94D11B8E-26CB-4555-9BBB-3D338F62CD6C}.Release|x64.Build.0 = Release|x64
		{94D11B8E-26CB-4555-9BBB-3D338F62CD6C}.Release|x86.ActiveCfg = Release|Win32
		{94D11B8E-26CB-4555-9BBB-3D338F62CD6C}.Release|x86.Build.0 = Release|Win32
		{C36073AF-CEDB-4CF6-A345-780EE5322EC7}.Debug|x64.ActiveCfg = Debug|x64
		{C36073AF-CEDB-4CF6-A345-780EE5322EC7}.Debug|x64.Build.0 = Debug|x64
		{C36073AF-CEDB-4CF6-A345-780EE5322EC7}.Debug|x86.ActiveCfg = Debug|Win32
		{C36073AF-CEDB-4CF6-A345-780EE5322EC7}.Debug|x86.Build.0 = Debug|Win32
		{C36073AF-CEDB-4CF6-A345-780EE5322EC7}.Release|x64.ActiveCfg = Release|x64
		{C36073AF-CEDB-4CF6-A345-780EE5322EC7}.Release|x64.Build.0 = Release|x64
		{C36073AF-CEDB-4CF6-A345-780EE5322EC7}.Release|x86.ActiveCfg = Release|Win32
		{C36073AF-CEDB-4CF6-A345-780EE5322EC7}.Release|x86.Build.0 = Release|Win32
	EndGlobalSection
	GlobalSection(SolutionProperties) = preSolution
		HideSolutionNode = FALSE
	EndGlobalSection
	GlobalSection(ExtensibilityGlobals) = postSolution
		SolutionGuid = {7673C0F2-27D7-40A6-968E-949B88C33B36}
	EndGlobalSection
EndGlobal
